
Microsoft Visual Studio Solution File, Format Version 12.00
# Visual Studio Version 17
VisualStudioVersion = 17.14.36414.22 d17.14
MinimumVisualStudioVersion = 10.0.40219.1
Project("{FAE04EC0-301F-11D3-BF4B-00C04F79EFBC}") = "AZ-AI-Language-KeyPhrase", "AZ-AI-Language-KeyPhrase\AZ-AI-Language-KeyPhrase.csproj", "{C09379C5-9EC9-4DA6-B95C-B2E5189B0952}"
EndProject
Global
	GlobalSection(SolutionConfigurationPlatforms) = preSolution
		Debug|Any CPU = Debug|Any CPU
		Release|Any CPU = Release|Any CPU
	EndGlobalSection
	GlobalSection(ProjectConfigurationPlatforms) = postSolution
		{C09379C5-9EC9-4DA6-B95C-B2E5189B0952}.Debug|Any CPU.ActiveCfg = Debug|Any CPU
		{C09379C5-9EC9-4DA6-B95C-B2E5189B0952}.Debug|Any CPU.Build.0 = Debug|Any CPU
		{C09379C5-9EC9-4DA6-B95C-B2E5189B0952}.Release|Any CPU.ActiveCfg = Release|Any CPU
		{C09379C5-9EC9-4DA6-B95C-B2E5189B0952}.Release|Any CPU.Build.0 = Release|Any CPU
	EndGlobalSection
	GlobalSection(SolutionProperties) = preSolution
		HideSolutionNode = FALSE
	EndGlobalSection
	GlobalSection(ExtensibilityGlobals) = postSolution
		SolutionGuid = {29C57492-57E0-4BAE-B35F-44D6BCB3E853}
	EndGlobalSection
EndGlobal
